
Microsoft Visual Studio Solution File, Format Version 12.00
Project("{FAE04EC0-301F-11D3-BF4B-00C04F79EFBC}") = "PandaVaultClient", "src/PandaVaultClient\PandaVaultClient.csproj", "{BC2583F3-6875-42BF-83D8-A52D10855F17}"
EndProject
Project("{FAE04EC0-301F-11D3-BF4B-00C04F79EFBC}") = "PandaVaultClient.Test", "tests/PandaVaultClient.Test\PandaVaultClient.Test.csproj", "{35FB2299-B91D-414A-98A1-58F44D491B10}"
EndProject
Project("{2150E333-8FDC-42A3-9474-1A3956D46DE8}") = "Solution Items", "Solution Items", "{688D2599-8E7A-4657-87AD-452AB97F23FE}"
	ProjectSection(SolutionItems) = preProject
		.github\workflows\main.yml = .github\workflows\main.yml
		.gitignore = .gitignore
		Readme.md = Readme.md
		global.json = global.json
		.editorconfig = .editorconfig
	EndProjectSection
EndProject
Project("{2150E333-8FDC-42A3-9474-1A3956D46DE8}") = "src", "src", "{5FF94269-0684-4BC1-937A-4CAB4F43D7AB}"
EndProject
Project("{2150E333-8FDC-42A3-9474-1A3956D46DE8}") = "test", "test", "{DDE4B2BB-488F-425B-846A-FEDF9E6E3AED}"
EndProject
Global
	GlobalSection(SolutionConfigurationPlatforms) = preSolution
		Debug|Any CPU = Debug|Any CPU
		Release|Any CPU = Release|Any CPU
	EndGlobalSection
	GlobalSection(ProjectConfigurationPlatforms) = postSolution
		{BC2583F3-6875-42BF-83D8-A52D10855F17}.Debug|Any CPU.ActiveCfg = Debug|Any CPU
		{BC2583F3-6875-42BF-83D8-A52D10855F17}.Debug|Any CPU.Build.0 = Debug|Any CPU
		{BC2583F3-6875-42BF-83D8-A52D10855F17}.Release|Any CPU.ActiveCfg = Release|Any CPU
		{BC2583F3-6875-42BF-83D8-A52D10855F17}.Release|Any CPU.Build.0 = Release|Any CPU
		{35FB2299-B91D-414A-98A1-58F44D491B10}.Debug|Any CPU.ActiveCfg = Debug|Any CPU
		{35FB2299-B91D-414A-98A1-58F44D491B10}.Debug|Any CPU.Build.0 = Debug|Any CPU
		{35FB2299-B91D-414A-98A1-58F44D491B10}.Release|Any CPU.ActiveCfg = Release|Any CPU
		{35FB2299-B91D-414A-98A1-58F44D491B10}.Release|Any CPU.Build.0 = Release|Any CPU
	EndGlobalSection
	GlobalSection(NestedProjects) = preSolution
		{BC2583F3-6875-42BF-83D8-A52D10855F17} = {5FF94269-0684-4BC1-937A-4CAB4F43D7AB}
		{35FB2299-B91D-414A-98A1-58F44D491B10} = {DDE4B2BB-488F-425B-846A-FEDF9E6E3AED}
	EndGlobalSection
EndGlobal
